
Microsoft Visual Studio Solution File, Format Version 12.00
Project("{FAE04EC0-301F-11D3-BF4B-00C04F79EFBC}") = "dFakto.AppDataPath", "dFakto.AppDataPath\dFakto.AppDataPath.csproj", "{5F8A6A87-C3DC-43E5-8DB4-5F829ED8B23C}"
EndProject
Project("{FAE04EC0-301F-11D3-BF4B-00C04F79EFBC}") = "dFakto.AppDataPath.Tests", "dFakto.AppDataPath.Tests\dFakto.AppDataPath.Tests.csproj", "{542D1CEA-1E4D-4AC2-BCD7-5847893B4D53}"
EndProject
Global
	GlobalSection(SolutionConfigurationPlatforms) = preSolution
		Debug|Any CPU = Debug|Any CPU
		Release|Any CPU = Release|Any CPU
	EndGlobalSection
	GlobalSection(ProjectConfigurationPlatforms) = postSolution
		{5F8A6A87-C3DC-43E5-8DB4-5F829ED8B23C}.Debug|Any CPU.ActiveCfg = Debug|Any CPU
		{5F8A6A87-C3DC-43E5-8DB4-5F829ED8B23C}.Debug|Any CPU.Build.0 = Debug|Any CPU
		{5F8A6A87-C3DC-43E5-8DB4-5F829ED8B23C}.Release|Any CPU.ActiveCfg = Release|Any CPU
		{5F8A6A87-C3DC-43E5-8DB4-5F829ED8B23C}.Release|Any CPU.Build.0 = Release|Any CPU
		{542D1CEA-1E4D-4AC2-BCD7-5847893B4D53}.Debug|Any CPU.ActiveCfg = Debug|Any CPU
		{542D1CEA-1E4D-4AC2-BCD7-5847893B4D53}.Debug|Any CPU.Build.0 = Debug|Any CPU
		{542D1CEA-1E4D-4AC2-BCD7-5847893B4D53}.Release|Any CPU.ActiveCfg = Release|Any CPU
		{542D1CEA-1E4D-4AC2-BCD7-5847893B4D53}.Release|Any CPU.Build.0 = Release|Any CPU
	EndGlobalSection
EndGlobal
